PODS:
  - RxRelay (6.5.0):
    - RxSwift (= 6.5.0)
  - RxRelay-PropertyWrappers (0.1.0):
    - RxRelay (= 6.5.0)
  - RxSwift (6.5.0)

DEPENDENCIES:
  - RxRelay-PropertyWrappers (from `../`)

SPEC REPOS:
  trunk:
    - RxRelay
    - RxSwift

EXTERNAL SOURCES:
  RxRelay-PropertyWrappers:
    :path: "../"

SPEC CHECKSUMS:
  RxRelay: 1de1523e604c72b6c68feadedd1af3b1b4d0ecbd
  RxRelay-PropertyWrappers: 93297db098de299b4949d7c8cfcaca3323d2cd45
  RxSwift: 5710a9e6b17f3c3d6e40d6e559b9fa1e813b2ef8

PODFILE CHECKSUM: f70de84fe2e2ea8d0185f3672d30ea5fa217625c

COCOAPODS: 1.12.1
